<?xml version="1.0" encoding="utf-8"?>
<Project ToolsVersion="17.0" xmlns="http://schemas.microsoft.com/developer/msbuild/2003">
  <ItemGroup>
    <CustomBuild Include="C:\Lord-of-Space\_build\CMakeFiles\d141d1c6b8a8b3a15b94468fffe3da4c\INSTALL_force.rule">
      <Filter>CMake Rules</Filter>
    </CustomBuild>
  </ItemGroup>
  <ItemGroup>
    <Filter Include="CMake Rules">
      <UniqueIdentifier>{39AE567A-2514-38F6-A0FA-208B51665CE6}</UniqueIdentifier>
    </Filter>
  </ItemGroup>
</Project>
